// !$*UTF8*$!
{
	archiveVersion = 1;
	classes = {
	};
	objectVersion = 56;
	objects = {

/* Begin PBXBuildFile section */
		78429B9B2AB0A85300881C48 /* ViewForPecularities.swift in Sources */ = {isa = PBXBuildFile; fileRef = 78429B9A2AB0A85300881C48 /* ViewForPecularities.swift */; };
		7845050A2AB383D300B57E9E /* BookingView.swift in Sources */ = {isa = PBXBuildFile; fileRef = 784505092AB383D300B57E9E /* BookingView.swift */; };
		7845050C2AB383E400B57E9E /* BookingViewModel.swift in Sources */ = {isa = PBXBuildFile; fileRef = 7845050B2AB383E400B57E9E /* BookingViewModel.swift */; };
		7845050E2AB383F200B57E9E /* BookingDetailViewModel.swift in Sources */ = {isa = PBXBuildFile; fileRef = 7845050D2AB383F200B57E9E /* BookingDetailViewModel.swift */; };
		784505102AB3840100B57E9E /* Booking.swift in Sources */ = {isa = PBXBuildFile; fileRef = 7845050F2AB3840100B57E9E /* Booking.swift */; };
		7889082A2AACCA3200B6B018 /* Hotel_TestTask_SUIApp.swift in Sources */ = {isa = PBXBuildFile; fileRef = 788908292AACCA3200B6B018 /* Hotel_TestTask_SUIApp.swift */; };
		7889082C2AACCA3200B6B018 /* HotelView.swift in Sources */ = {isa = PBXBuildFile; fileRef = 7889082B2AACCA3200B6B018 /* HotelView.swift */; };
		7889082E2AACCA3400B6B018 /* Assets.xcassets in Resources */ = {isa = PBXBuildFile; fileRef = 7889082D2AACCA3400B6B018 /* Assets.xcassets */; };
		788908312AACCA3400B6B018 /* Preview Assets.xcassets in Resources */ = {isa = PBXBuildFile; fileRef = 788908302AACCA3400B6B018 /* Preview Assets.xcassets */; };
		788908382AACCAAD00B6B018 /* NetworkManager.swift in Sources */ = {isa = PBXBuildFile; fileRef = 788908372AACCAAD00B6B018 /* NetworkManager.swift */; };
		7889083A2AACCBAF00B6B018 /* HotelDetailsViewModel.swift in Sources */ = {isa = PBXBuildFile; fileRef = 788908392AACCBAF00B6B018 /* HotelDetailsViewModel.swift */; };
		7889083D2AACCBF800B6B018 /* Hotel.swift in Sources */ = {isa = PBXBuildFile; fileRef = 7889083C2AACCBF800B6B018 /* Hotel.swift */; };
		7889083F2AACCDCD00B6B018 /* HotelViewModel.swift in Sources */ = {isa = PBXBuildFile; fileRef = 7889083E2AACCDCD00B6B018 /* HotelViewModel.swift */; };
		789AEEAE2AB4920700E75A0D /* DivideLine.swift in Sources */ = {isa = PBXBuildFile; fileRef = 789AEEAD2AB4920700E75A0D /* DivideLine.swift */; };
		789AEEB02AB49B0600E75A0D /* RatingView.swift in Sources */ = {isa = PBXBuildFile; fileRef = 789AEEAF2AB49B0600E75A0D /* RatingView.swift */; };
		789AEEB22AB49B5900E75A0D /* FontSFProFunc.swift in Sources */ = {isa = PBXBuildFile; fileRef = 789AEEB12AB49B5900E75A0D /* FontSFProFunc.swift */; };
		789AEEB42AB4A20F00E75A0D /* TripInformationView.swift in Sources */ = {isa = PBXBuildFile; fileRef = 789AEEB32AB4A20F00E75A0D /* TripInformationView.swift */; };
		78ABEEF22AB23DDE006E32B8 /* RoomListView.swift in Sources */ = {isa = PBXBuildFile; fileRef = 78ABEEF12AB23DDE006E32B8 /* RoomListView.swift */; };
		78ABEEF42AB23DEF006E32B8 /* RoomListViewModel.swift in Sources */ = {isa = PBXBuildFile; fileRef = 78ABEEF32AB23DEF006E32B8 /* RoomListViewModel.swift */; };
		78ABEEF72AB23E13006E32B8 /* Room.swift in Sources */ = {isa = PBXBuildFile; fileRef = 78ABEEF62AB23E13006E32B8 /* Room.swift */; };
		78ABEEF92AB23FAC006E32B8 /* RoomDetailsViewModel.swift in Sources */ = {isa = PBXBuildFile; fileRef = 78ABEEF82AB23FAC006E32B8 /* RoomDetailsViewModel.swift */; };
		78ABEEFB2AB24436006E32B8 /* RoomRowView.swift in Sources */ = {isa = PBXBuildFile; fileRef = 78ABEEFA2AB24436006E32B8 /* RoomRowView.swift */; };
		78E990CF2AB34EFD003912B7 /* FormatNumber.swift in Sources */ = {isa = PBXBuildFile; fileRef = 78E990CE2AB34EFD003912B7 /* FormatNumber.swift */; };
/* End PBXBuildFile section */

/* Begin PBXFileReference section */
		78429B9A2AB0A85300881C48 /* ViewForPecularities.swift */ = {isa = PBXFileReference; lastKnownFileType = sourcecode.swift; path = ViewForPecularities.swift; sourceTree = "<group>"; };
		784505092AB383D300B57E9E /* BookingView.swift */ = {isa = PBXFileReference; lastKnownFileType = sourcecode.swift; path = BookingView.swift; sourceTree = "<group>"; };
		7845050B2AB383E400B57E9E /* BookingViewModel.swift */ = {isa = PBXFileReference; lastKnownFileType = sourcecode.swift; path = BookingViewModel.swift; sourceTree = "<group>"; };
		7845050D2AB383F200B57E9E /* BookingDetailViewModel.swift */ = {isa = PBXFileReference; lastKnownFileType = sourcecode.swift; path = BookingDetailViewModel.swift; sourceTree = "<group>"; };
		7845050F2AB3840100B57E9E /* Booking.swift */ = {isa = PBXFileReference; lastKnownFileType = sourcecode.swift; path = Booking.swift; sourceTree = "<group>"; };
		788908262AACCA3200B6B018 /* Hotel_TestTask_SUI.app */ = {isa = PBXFileReference; explicitFileType = wrapper.application; includeInIndex = 0; path = Hotel_TestTask_SUI.app; sourceTree = BUILT_PRODUCTS_DIR; };
		788908292AACCA3200B6B018 /* Hotel_TestTask_SUIApp.swift */ = {isa = PBXFileReference; lastKnownFileType = sourcecode.swift; path = Hotel_TestTask_SUIApp.swift; sourceTree = "<group>"; };
		7889082B2AACCA3200B6B018 /* HotelView.swift */ = {isa = PBXFileReference; lastKnownFileType = sourcecode.swift; path = HotelView.swift; sourceTree = "<group>"; };
		7889082D2AACCA3400B6B018 /* Assets.xcassets */ = {isa = PBXFileReference; lastKnownFileType = folder.assetcatalog; path = Assets.xcassets; sourceTree = "<group>"; };
		788908302AACCA3400B6B018 /* Preview Assets.xcassets */ = {isa = PBXFileReference; lastKnownFileType = folder.assetcatalog; path = "Preview Assets.xcassets"; sourceTree = "<group>"; };
		788908372AACCAAD00B6B018 /* NetworkManager.swift */ = {isa = PBXFileReference; lastKnownFileType = sourcecode.swift; path = NetworkManager.swift; sourceTree = "<group>"; };
		788908392AACCBAF00B6B018 /* HotelDetailsViewModel.swift */ = {isa = PBXFileReference; lastKnownFileType = sourcecode.swift; path = HotelDetailsViewModel.swift; sourceTree = "<group>"; };
		7889083C2AACCBF800B6B018 /* Hotel.swift */ = {isa = PBXFileReference; lastKnownFileType = sourcecode.swift; path = Hotel.swift; sourceTree = "<group>"; };
		7889083E2AACCDCD00B6B018 /* HotelViewModel.swift */ = {isa = PBXFileReference; lastKnownFileType = sourcecode.swift; path = HotelViewModel.swift; sourceTree = "<group>"; };
		789AEEAD2AB4920700E75A0D /* DivideLine.swift */ = {isa = PBXFileReference; lastKnownFileType = sourcecode.swift; path = DivideLine.swift; sourceTree = "<group>"; };
		789AEEAF2AB49B0600E75A0D /* RatingView.swift */ = {isa = PBXFileReference; lastKnownFileType = sourcecode.swift; path = RatingView.swift; sourceTree = "<group>"; };
		789AEEB12AB49B5900E75A0D /* FontSFProFunc.swift */ = {isa = PBXFileReference; lastKnownFileType = sourcecode.swift; path = FontSFProFunc.swift; sourceTree = "<group>"; };
		789AEEB32AB4A20F00E75A0D /* TripInformationView.swift */ = {isa = PBXFileReference; lastKnownFileType = sourcecode.swift; path = TripInformationView.swift; sourceTree = "<group>"; };
		78ABEEF12AB23DDE006E32B8 /* RoomListView.swift */ = {isa = PBXFileReference; lastKnownFileType = sourcecode.swift; path = RoomListView.swift; sourceTree = "<group>"; };
		78ABEEF32AB23DEF006E32B8 /* RoomListViewModel.swift */ = {isa = PBXFileReference; lastKnownFileType = sourcecode.swift; path = RoomListViewModel.swift; sourceTree = "<group>"; };
		78ABEEF62AB23E13006E32B8 /* Room.swift */ = {isa = PBXFileReference; lastKnownFileType = sourcecode.swift; path = Room.swift; sourceTree = "<group>"; };
		78ABEEF82AB23FAC006E32B8 /* RoomDetailsViewModel.swift */ = {isa = PBXFileReference; lastKnownFileType = sourcecode.swift; path = RoomDetailsViewModel.swift; sourceTree = "<group>"; };
		78ABEEFA2AB24436006E32B8 /* RoomRowView.swift */ = {isa = PBXFileReference; lastKnownFileType = sourcecode.swift; path = RoomRowView.swift; sourceTree = "<group>"; };
		78E990CD2AB33BC0003912B7 /* Hotel-TestTask-SUI-Info.plist */ = {isa = PBXFileReference; lastKnownFileType = text.plist; path = "Hotel-TestTask-SUI-Info.plist"; sourceTree = SOURCE_ROOT; };
		78E990CE2AB34EFD003912B7 /* FormatNumber.swift */ = {isa = PBXFileReference; lastKnownFileType = sourcecode.swift; path = FormatNumber.swift; sourceTree = "<group>"; };
/* End PBXFileReference section */

/* Begin PBXFrameworksBuildPhase section */
		788908232AACCA3200B6B018 /* Frameworks */ = {
			isa = PBXFrameworksBuildPhase;
			buildActionMask = 2147483647;
			files = (
			);
			runOnlyForDeploymentPostprocessing = 0;
		};
/* End PBXFrameworksBuildPhase section */

/* Begin PBXGroup section */
		78429B9C2AB0B32000881C48 /* Support Views */ = {
			isa = PBXGroup;
			children = (
				789AEEAD2AB4920700E75A0D /* DivideLine.swift */,
				789AEEAF2AB49B0600E75A0D /* RatingView.swift */,
				789AEEB32AB4A20F00E75A0D /* TripInformationView.swift */,
				78429B9A2AB0A85300881C48 /* ViewForPecularities.swift */,
			);
			path = "Support Views";
			sourceTree = "<group>";
		};
		784505112AB3840E00B57E9E /* Booking */ = {
			isa = PBXGroup;
			children = (
				784505092AB383D300B57E9E /* BookingView.swift */,
				7845050B2AB383E400B57E9E /* BookingViewModel.swift */,
				7845050D2AB383F200B57E9E /* BookingDetailViewModel.swift */,
			);
			path = Booking;
			sourceTree = "<group>";
		};
		7889081D2AACCA3200B6B018 = {
			isa = PBXGroup;
			children = (
				788908282AACCA3200B6B018 /* Hotel_TestTask_SUI */,
				788908272AACCA3200B6B018 /* Products */,
			);
			sourceTree = "<group>";
		};
		788908272AACCA3200B6B018 /* Products */ = {
			isa = PBXGroup;
			children = (
				788908262AACCA3200B6B018 /* Hotel_TestTask_SUI.app */,
			);
			name = Products;
			sourceTree = "<group>";
		};
		788908282AACCA3200B6B018 /* Hotel_TestTask_SUI */ = {
			isa = PBXGroup;
			children = (
				78E990CD2AB33BC0003912B7 /* Hotel-TestTask-SUI-Info.plist */,
				788908292AACCA3200B6B018 /* Hotel_TestTask_SUIApp.swift */,
				788908402AACD52600B6B018 /* Hotel */,
				78ABEEF52AB23DF7006E32B8 /* Room */,
				784505112AB3840E00B57E9E /* Booking */,
				7889083B2AACCBE400B6B018 /* Services */,
				78429B9C2AB0B32000881C48 /* Support Views */,
				78E990D02AB34FD0003912B7 /* Support Functions */,
				788908412AACD54600B6B018 /* Models */,
				7889082D2AACCA3400B6B018 /* Assets.xcassets */,
				7889082F2AACCA3400B6B018 /* Preview Content */,
			);
			path = Hotel_TestTask_SUI;
			sourceTree = "<group>";
		};
		7889082F2AACCA3400B6B018 /* Preview Content */ = {
			isa = PBXGroup;
			children = (
				788908302AACCA3400B6B018 /* Preview Assets.xcassets */,
			);
			path = "Preview Content";
			sourceTree = "<group>";
		};
		7889083B2AACCBE400B6B018 /* Services */ = {
			isa = PBXGroup;
			children = (
				788908372AACCAAD00B6B018 /* NetworkManager.swift */,
			);
			path = Services;
			sourceTree = "<group>";
		};
		788908402AACD52600B6B018 /* Hotel */ = {
			isa = PBXGroup;
			children = (
				7889082B2AACCA3200B6B018 /* HotelView.swift */,
				7889083E2AACCDCD00B6B018 /* HotelViewModel.swift */,
				788908392AACCBAF00B6B018 /* HotelDetailsViewModel.swift */,
			);
			path = Hotel;
			sourceTree = "<group>";
		};
		788908412AACD54600B6B018 /* Models */ = {
			isa = PBXGroup;
			children = (
				7889083C2AACCBF800B6B018 /* Hotel.swift */,
				78ABEEF62AB23E13006E32B8 /* Room.swift */,
				7845050F2AB3840100B57E9E /* Booking.swift */,
			);
			path = Models;
			sourceTree = "<group>";
		};
		78ABEEF52AB23DF7006E32B8 /* Room */ = {
			isa = PBXGroup;
			children = (
				78ABEEF12AB23DDE006E32B8 /* RoomListView.swift */,
				78ABEEF32AB23DEF006E32B8 /* RoomListViewModel.swift */,
				78ABEEF82AB23FAC006E32B8 /* RoomDetailsViewModel.swift */,
				78ABEEFA2AB24436006E32B8 /* RoomRowView.swift */,
			);
			path = Room;
			sourceTree = "<group>";
		};
		78E990D02AB34FD0003912B7 /* Support Functions */ = {
			isa = PBXGroup;
			children = (
				78E990CE2AB34EFD003912B7 /* FormatNumber.swift */,
				789AEEB12AB49B5900E75A0D /* FontSFProFunc.swift */,
			);
			path = "Support Functions";
			sourceTree = "<group>";
		};
/* End PBXGroup section */

/* Begin PBXNativeTarget section */
		788908252AACCA3200B6B018 /* Hotel_TestTask_SUI */ = {
			isa = PBXNativeTarget;
			buildConfigurationList = 788908342AACCA3400B6B018 /* Build configuration list for PBXNativeTarget "Hotel_TestTask_SUI" */;
			buildPhases = (
				788908222AACCA3200B6B018 /* Sources */,
				788908232AACCA3200B6B018 /* Frameworks */,
				788908242AACCA3200B6B018 /* Resources */,
			);
			buildRules = (
			);
			dependencies = (
			);
			name = Hotel_TestTask_SUI;
			productName = Hotel_TestTask_SUI;
			productReference = 788908262AACCA3200B6B018 /* Hotel_TestTask_SUI.app */;
			productType = "com.apple.product-type.application";
		};
/* End PBXNativeTarget section */

/* Begin PBXProject section */
		7889081E2AACCA3200B6B018 /* Project object */ = {
			isa = PBXProject;
			attributes = {
				BuildIndependentTargetsInParallel = 1;
				LastSwiftUpdateCheck = 1420;
				LastUpgradeCheck = 1420;
				TargetAttributes = {
					788908252AACCA3200B6B018 = {
						CreatedOnToolsVersion = 14.2;
					};
				};
			};
			buildConfigurationList = 788908212AACCA3200B6B018 /* Build configuration list for PBXProject "Hotel_TestTask_SUI" */;
			compatibilityVersion = "Xcode 14.0";
			developmentRegion = en;
			hasScannedForEncodings = 0;
			knownRegions = (
				en,
				Base,
			);
			mainGroup = 7889081D2AACCA3200B6B018;
			productRefGroup = 788908272AACCA3200B6B018 /* Products */;
			projectDirPath = "";
			projectRoot = "";
			targets = (
				788908252AACCA3200B6B018 /* Hotel_TestTask_SUI */,
			);
		};
/* End PBXProject section */

/* Begin PBXResourcesBuildPhase section */
		788908242AACCA3200B6B018 /* Resources */ = {
			isa = PBXResourcesBuildPhase;
			buildActionMask = 2147483647;
			files = (
				788908312AACCA3400B6B018 /* Preview Assets.xcassets in Resources */,
				7889082E2AACCA3400B6B018 /* Assets.xcassets in Resources */,
			);
			runOnlyForDeploymentPostprocessing = 0;
		};
/* End PBXResourcesBuildPhase section */

/* Begin PBXSourcesBuildPhase section */
		788908222AACCA3200B6B018 /* Sources */ = {
			isa = PBXSourcesBuildPhase;
			buildActionMask = 2147483647;
			files = (
				78ABEEF92AB23FAC006E32B8 /* RoomDetailsViewModel.swift in Sources */,
				784505102AB3840100B57E9E /* Booking.swift in Sources */,
				7845050C2AB383E400B57E9E /* BookingViewModel.swift in Sources */,
				78ABEEF22AB23DDE006E32B8 /* RoomListView.swift in Sources */,
				7845050A2AB383D300B57E9E /* BookingView.swift in Sources */,
				78ABEEFB2AB24436006E32B8 /* RoomRowView.swift in Sources */,
				7889083D2AACCBF800B6B018 /* Hotel.swift in Sources */,
				7889083A2AACCBAF00B6B018 /* HotelDetailsViewModel.swift in Sources */,
				789AEEB42AB4A20F00E75A0D /* TripInformationView.swift in Sources */,
				788908382AACCAAD00B6B018 /* NetworkManager.swift in Sources */,
				78ABEEF42AB23DEF006E32B8 /* RoomListViewModel.swift in Sources */,
				7889082C2AACCA3200B6B018 /* HotelView.swift in Sources */,
				789AEEB22AB49B5900E75A0D /* FontSFProFunc.swift in Sources */,
				78429B9B2AB0A85300881C48 /* ViewForPecularities.swift in Sources */,
				78E990CF2AB34EFD003912B7 /* FormatNumber.swift in Sources */,
				7889082A2AACCA3200B6B018 /* Hotel_TestTask_SUIApp.swift in Sources */,
				7889083F2AACCDCD00B6B018 /* HotelViewModel.swift in Sources */,
				78ABEEF72AB23E13006E32B8 /* Room.swift in Sources */,
				789AEEAE2AB4920700E75A0D /* DivideLine.swift in Sources */,
				789AEEB02AB49B0600E75A0D /* RatingView.swift in Sources */,
				7845050E2AB383F200B57E9E /* BookingDetailViewModel.swift in Sources */,
			);
			runOnlyForDeploymentPostprocessing = 0;
		};
/* End PBXSourcesBuildPhase section */

/* Begin XCBuildConfiguration section */
		788908322AACCA3400B6B018 /* Debug */ = {
			isa = XCBuildConfiguration;
			buildSettings = {
				ALWAYS_SEARCH_USER_PATHS = NO;
				CLANG_ANALYZER_NONNULL = YES;
				CLANG_ANALYZER_NUMBER_OBJECT_CONVERSION = YES_AGGRESSIVE;
				CLANG_CXX_LANGUAGE_STANDARD = "gnu++20";
				CLANG_ENABLE_MODULES = YES;
				CLANG_ENABLE_OBJC_ARC = YES;
				CLANG_ENABLE_OBJC_WEAK = YES;
				CLANG_WARN_BLOCK_CAPTURE_AUTORELEASING = YES;
				CLANG_WARN_BOOL_CONVERSION = YES;
				CLANG_WARN_COMMA = YES;
				CLANG_WARN_CONSTANT_CONVERSION = YES;
				CLANG_WARN_DEPRECATED_OBJC_IMPLEMENTATIONS = YES;
				CLANG_WARN_DIRECT_OBJC_ISA_USAGE = YES_ERROR;
				CLANG_WARN_DOCUMENTATION_COMMENTS = YES;
				CLANG_WARN_EMPTY_BODY = YES;
				CLANG_WARN_ENUM_CONVERSION = YES;
				CLANG_WARN_INFINITE_RECURSION = YES;
				CLANG_WARN_INT_CONVERSION = YES;
				CLANG_WARN_NON_LITERAL_NULL_CONVERSION = YES;
				CLANG_WARN_OBJC_IMPLICIT_RETAIN_SELF = YES;
				CLANG_WARN_OBJC_LITERAL_CONVERSION = YES;
				CLANG_WARN_OBJC_ROOT_CLASS = YES_ERROR;
				CLANG_WARN_QUOTED_INCLUDE_IN_FRAMEWORK_HEADER = YES;
				CLANG_WARN_RANGE_LOOP_ANALYSIS = YES;
				CLANG_WARN_STRICT_PROTOTYPES = YES;
				CLANG_WARN_SUSPICIOUS_MOVE = YES;
				CLANG_WARN_UNGUARDED_AVAILABILITY = YES_AGGRESSIVE;
				CLANG_WARN_UNREACHABLE_CODE = YES;
				CLANG_WARN__DUPLICATE_METHOD_MATCH = YES;
				COPY_PHASE_STRIP = NO;
				DEBUG_INFORMATION_FORMAT = dwarf;
				ENABLE_STRICT_OBJC_MSGSEND = YES;
				ENABLE_TESTABILITY = YES;
				GCC_C_LANGUAGE_STANDARD = gnu11;
				GCC_DYNAMIC_NO_PIC = NO;
				GCC_NO_COMMON_BLOCKS = YES;
				GCC_OPTIMIZATION_LEVEL = 0;
				GCC_PREPROCESSOR_DEFINITIONS = (
					"DEBUG=1",
					"$(inherited)",
				);
				GCC_WARN_64_TO_32_BIT_CONVERSION = YES;
				GCC_WARN_ABOUT_RETURN_TYPE = YES_ERROR;
				GCC_WARN_UNDECLARED_SELECTOR = YES;
				GCC_WARN_UNINITIALIZED_AUTOS = YES_AGGRESSIVE;
				GCC_WARN_UNUSED_FUNCTION = YES;
				GCC_WARN_UNUSED_VARIABLE = YES;
				IPHONEOS_DEPLOYMENT_TARGET = 16.2;
				MTL_ENABLE_DEBUG_INFO = INCLUDE_SOURCE;
				MTL_FAST_MATH = YES;
				ONLY_ACTIVE_ARCH = YES;
				SDKROOT = iphoneos;
				SWIFT_ACTIVE_COMPILATION_CONDITIONS = DEBUG;
				SWIFT_OPTIMIZATION_LEVEL = "-Onone";
			};
			name = Debug;
		};
		788908332AACCA3400B6B018 /* Release */ = {
			isa = XCBuildConfiguration;
			buildSettings = {
				ALWAYS_SEARCH_USER_PATHS = NO;
				CLANG_ANALYZER_NONNULL = YES;
				CLANG_ANALYZER_NUMBER_OBJECT_CONVERSION = YES_AGGRESSIVE;
				CLANG_CXX_LANGUAGE_STANDARD = "gnu++20";
				CLANG_ENABLE_MODULES = YES;
				CLANG_ENABLE_OBJC_ARC = YES;
				CLANG_ENABLE_OBJC_WEAK = YES;
				CLANG_WARN_BLOCK_CAPTURE_AUTORELEASING = YES;
				CLANG_WARN_BOOL_CONVERSION = YES;
				CLANG_WARN_COMMA = YES;
				CLANG_WARN_CONSTANT_CONVERSION = YES;
				CLANG_WARN_DEPRECATED_OBJC_IMPLEMENTATIONS = YES;
				CLANG_WARN_DIRECT_OBJC_ISA_USAGE = YES_ERROR;
				CLANG_WARN_DOCUMENTATION_COMMENTS = YES;
				CLANG_WARN_EMPTY_BODY = YES;
				CLANG_WARN_ENUM_CONVERSION = YES;
				CLANG_WARN_INFINITE_RECURSION = YES;
				CLANG_WARN_INT_CONVERSION = YES;
				CLANG_WARN_NON_LITERAL_NULL_CONVERSION = YES;
				CLANG_WARN_OBJC_IMPLICIT_RETAIN_SELF = YES;
				CLANG_WARN_OBJC_LITERAL_CONVERSION = YES;
				CLANG_WARN_OBJC_ROOT_CLASS = YES_ERROR;
				CLANG_WARN_QUOTED_INCLUDE_IN_FRAMEWORK_HEADER = YES;
				CLANG_WARN_RANGE_LOOP_ANALYSIS = YES;
				CLANG_WARN_STRICT_PROTOTYPES = YES;
				CLANG_WARN_SUSPICIOUS_MOVE = YES;
				CLANG_WARN_UNGUARDED_AVAILABILITY = YES_AGGRESSIVE;
				CLANG_WARN_UNREACHABLE_CODE = YES;
				CLANG_WARN__DUPLICATE_METHOD_MATCH = YES;
				COPY_PHASE_STRIP = NO;
				DEBUG_INFORMATION_FORMAT = "dwarf-with-dsym";
				ENABLE_NS_ASSERTIONS = NO;
				ENABLE_STRICT_OBJC_MSGSEND = YES;
				GCC_C_LANGUAGE_STANDARD = gnu11;
				GCC_NO_COMMON_BLOCKS = YES;
				GCC_WARN_64_TO_32_BIT_CONVERSION = YES;
				GCC_WARN_ABOUT_RETURN_TYPE = YES_ERROR;
				GCC_WARN_UNDECLARED_SELECTOR = YES;
				GCC_WARN_UNINITIALIZED_AUTOS = YES_AGGRESSIVE;
				GCC_WARN_UNUSED_FUNCTION = YES;
				GCC_WARN_UNUSED_VARIABLE = YES;
				IPHONEOS_DEPLOYMENT_TARGET = 16.2;
				MTL_ENABLE_DEBUG_INFO = NO;
				MTL_FAST_MATH = YES;
				SDKROOT = iphoneos;
				SWIFT_COMPILATION_MODE = wholemodule;
				SWIFT_OPTIMIZATION_LEVEL = "-O";
				VALIDATE_PRODUCT = YES;
			};
			name = Release;
		};
		788908352AACCA3400B6B018 /* Debug */ = {
			isa = XCBuildConfiguration;
			buildSettings = {
				ASSETCATALOG_COMPILER_APPICON_NAME = AppIcon;
				ASSETCATALOG_COMPILER_GLOBAL_ACCENT_COLOR_NAME = AccentColor;
				CODE_SIGN_STYLE = Automatic;
				CURRENT_PROJECT_VERSION = 1;
				DEVELOPMENT_ASSET_PATHS = "\"Hotel_TestTask_SUI/Preview Content\"";
				DEVELOPMENT_TEAM = 25H4N2RW85;
				ENABLE_PREVIEWS = YES;
				GENERATE_INFOPLIST_FILE = YES;
				INFOPLIST_FILE = "Hotel-TestTask-SUI-Info.plist";
				INFOPLIST_KEY_UIApplicationSceneManifest_Generation = YES;
				INFOPLIST_KEY_UIApplicationSupportsIndirectInputEvents = YES;
				INFOPLIST_KEY_UILaunchScreen_Generation = YES;
				INFOPLIST_KEY_UISupportedInterfaceOrientations_iPad = "UIInterfaceOrientationPortrait UIInterfaceOrientationPortraitUpsideDown UIInterfaceOrientationLandscapeLeft UIInterfaceOrientationLandscapeRight";
				INFOPLIST_KEY_UISupportedInterfaceOrientations_iPhone = "UIInterfaceOrientationPortrait UIInterfaceOrientationLandscapeLeft UIInterfaceOrientationLandscapeRight";
				LD_RUNPATH_SEARCH_PATHS = (
					"$(inherited)",
					"@executable_path/Frameworks",
				);
				MARKETING_VERSION = 1.0;
				NEW_SETTING = "";
				PRODUCT_BUNDLE_IDENTIFIER = "rukahand.Hotel-TestTask-SUI";
				PRODUCT_NAME = "$(TARGET_NAME)";
				SUPPORTED_PLATFORMS = "iphoneos iphonesimulator";
				SUPPORTS_MACCATALYST = NO;
				SUPPORTS_MAC_DESIGNED_FOR_IPHONE_IPAD = NO;
				SWIFT_EMIT_LOC_STRINGS = YES;
				SWIFT_VERSION = 5.0;
				TARGETED_DEVICE_FAMILY = 1;
			};
			name = Debug;
		};
		788908362AACCA3400B6B018 /* Release */ = {
			isa = XCBuildConfiguration;
			buildSettings = {
				ASSETCATALOG_COMPILER_APPICON_NAME = AppIcon;
				ASSETCATALOG_COMPILER_GLOBAL_ACCENT_COLOR_NAME = AccentColor;
				CODE_SIGN_STYLE = Automatic;
				CURRENT_PROJECT_VERSION = 1;
				DEVELOPMENT_ASSET_PATHS = "\"Hotel_TestTask_SUI/Preview Content\"";
				DEVELOPMENT_TEAM = 25H4N2RW85;
				ENABLE_PREVIEWS = YES;
				GENERATE_INFOPLIST_FILE = YES;
				INFOPLIST_FILE = "Hotel-TestTask-SUI-Info.plist";
				INFOPLIST_KEY_UIApplicationSceneManifest_Generation = YES;
				INFOPLIST_KEY_UIApplicationSupportsIndirectInputEvents = YES;
				INFOPLIST_KEY_UILaunchScreen_Generation = YES;
				INFOPLIST_KEY_UISupportedInterfaceOrientations_iPad = "UIInterfaceOrientationPortrait UIInterfaceOrientationPortraitUpsideDown UIInterfaceOrientationLandscapeLeft UIInterfaceOrientationLandscapeRight";
				INFOPLIST_KEY_UISupportedInterfaceOrientations_iPhone = "UIInterfaceOrientationPortrait UIInterfaceOrientationLandscapeLeft UIInterfaceOrientationLandscapeRight";
				LD_RUNPATH_SEARCH_PATHS = (
					"$(inherited)",
					"@executable_path/Frameworks",
				);
				MARKETING_VERSION = 1.0;
				NEW_SETTING = "";
				PRODUCT_BUNDLE_IDENTIFIER = "rukahand.Hotel-TestTask-SUI";
				PRODUCT_NAME = "$(TARGET_NAME)";
				SUPPORTED_PLATFORMS = "iphoneos iphonesimulator";
				SUPPORTS_MACCATALYST = NO;
				SUPPORTS_MAC_DESIGNED_FOR_IPHONE_IPAD = NO;
				SWIFT_EMIT_LOC_STRINGS = YES;
				SWIFT_VERSION = 5.0;
				TARGETED_DEVICE_FAMILY = 1;
			};
			name = Release;
		};
/* End XCBuildConfiguration section */

/* Begin XCConfigurationList section */
		788908212AACCA3200B6B018 /* Build configuration list for PBXProject "Hotel_TestTask_SUI" */ = {
			isa = XCConfigurationList;
			buildConfigurations = (
				788908322AACCA3400B6B018 /* Debug */,
				788908332AACCA3400B6B018 /* Release */,
			);
			defaultConfigurationIsVisible = 0;
			defaultConfigurationName = Release;
		};
		788908342AACCA3400B6B018 /* Build configuration list for PBXNativeTarget "Hotel_TestTask_SUI" */ = {
			isa = XCConfigurationList;
			buildConfigurations = (
				788908352AACCA3400B6B018 /* Debug */,
				788908362AACCA3400B6B018 /* Release */,
			);
			defaultConfigurationIsVisible = 0;
			defaultConfigurationName = Release;
		};
/* End XCConfigurationList section */
	};
	rootObject = 7889081E2AACCA3200B6B018 /* Project object */;
}
